<?xml version="1.0" encoding="UTF-8" standalone="yes" ?>
<CodeBlocks_project_file>
	<FileVersion major="1" minor="6" />
	<Project>
		<Option title="MMORPG" />
		<Option pch_mode="2" />
		<Option compiler="clang" />
		<Build>
			<Target title="Debug">
				<Option output="bin/Debug/MMORPG" prefix_auto="1" extension_auto="1" />
				<Option object_output="obj/Debug/" />
				<Option type="1" />
				<Option compiler="clang" />
				<Compiler>
					<Add option="-std=c++11" />
					<Add option="-g" />
					<Add directory="include" />
					<Add directory="include/Objects" />
					<Add directory="include/GameStates" />
					<Add directory="include/Utilities" />
				</Compiler>
				<Linker>
					<Add library="sfml-network-d" />
					<Add library="sfml-audio-d" />
					<Add library="sfml-graphics-d" />
					<Add library="sfml-window-d" />
					<Add library="sfml-system-d" />
				</Linker>
			</Target>
			<Target title="Release">
				<Option output="bin/Release/MMORPG" prefix_auto="1" extension_auto="1" />
				<Option object_output="obj/Release/" />
				<Option type="1" />
				<Option compiler="clang" />
				<Compiler>
					<Add option="-O2" />
					<Add directory="include" />
					<Add directory="include/Objects" />
					<Add directory="include/GameStates" />
					<Add directory="include/Utilities" />
				</Compiler>
				<Linker>
					<Add option="-s" />
					<Add library="sfml-network" />
					<Add library="sfml-audio" />
					<Add library="sfml-graphics" />
					<Add library="sfml-window" />
					<Add library="sfml-system" />
				</Linker>
			</Target>
			<Target title="Release (x86_64)">
				<Option output="bin/Release64/MMORPG64" prefix_auto="1" extension_auto="1" />
				<Option object_output="obj/Release64/" />
				<Option type="1" />
				<Option compiler="clang" />
				<Compiler>
					<Add option="-O2" />
					<Add option="-std=c++11" />
					<Add directory="include" />
					<Add directory="include/Objects" />
					<Add directory="include/GameStates" />
					<Add directory="include/Utilities" />
				</Compiler>
				<Linker>
					<Add option="-s" />
					<Add library="sfml-network" />
					<Add library="sfml-audio" />
					<Add library="sfml-graphics" />
					<Add library="sfml-window" />
					<Add library="sfml-system" />
				</Linker>
			</Target>
		</Build>
		<Compiler>
			<Add option="-Wall" />
			<Add option="-std=c++11" />
			<Add option="-DSFML_STATIC" />
			<Add directory="../SFML-2.4.2/include" />
		</Compiler>
		<Linker>
			<Add directory="../SFML-2.4.2/lib" />
		</Linker>
		<Unit filename="include/Debug.h" />
		<Unit filename="include/Engine.h" />
		<Unit filename="include/GameStates/GameState.h" />
		<Unit filename="include/GameStates/StateManager.h" />
		<Unit filename="include/NetworkManager.h" />
		<Unit filename="include/ObjectManager.h" />
		<Unit filename="include/Objects/GameObject.h" />
		<Unit filename="include/ResourceManager.h" />
		<Unit filename="include/Utilities/XMLParser.h" />
		<Unit filename="include/WindowManager.h" />
		<Unit filename="main.cpp" />
		<Unit filename="src/Debug.cpp" />
		<Unit filename="src/Engine.cpp" />
		<Unit filename="src/GameStates/GameState.cpp" />
		<Unit filename="src/GameStates/StateManager.cpp" />
		<Unit filename="src/NetworkManager.cpp" />
		<Unit filename="src/ObjectManager.cpp" />
		<Unit filename="src/Objects/GameObject.cpp" />
		<Unit filename="src/ResourceManager.cpp" />
		<Unit filename="src/Utilities/XMLParser.cpp" />
		<Unit filename="src/WindowManager.cpp" />
		<Extensions>
			<code_completion />
			<envvars />
			<debugger />
			<lib_finder disable_auto="1" />
		</Extensions>
	</Project>
</CodeBlocks_project_file>
