<?xml version="1.0" encoding="UTF-8" standalone="yes" ?>
<CodeBlocks_project_file>
	<FileVersion major="1" minor="6" />
	<Project>
		<Option title="MMORPG" />
		<Option pch_mode="2" />
		<Option compiler="clang" />
		<Build>
			<Target title="Debug">
				<Option output="bin/Debug/MMORPG" prefix_auto="1" extension_auto="1" />
				<Option object_output="obj/Debug/" />
				<Option type="1" />
				<Option compiler="clang" />
				<Compiler>
					<Add option="-Wall" />
					<Add option="-g" />
					<Add option="-std=c++11" />
					<Add option="-v" />
					<Add directory="include/UIElements" />
					<Add directory="include/GameUI" />
					<Add directory="include/Gamestates" />
					<Add directory="include" />
				</Compiler>
				<Linker>
					<Add library="sfml-audio-d" />
					<Add library="sfml-network-d" />
					<Add library="sfml-graphics-d" />
					<Add library="sfml-window-d" />
					<Add library="sfml-system-d" />
				</Linker>
			</Target>
			<Target title="Release">
				<Option output="bin/Release/MMORPG" prefix_auto="1" extension_auto="1" />
				<Option object_output="obj/Release/" />
				<Option type="1" />
				<Option compiler="clang" />
				<Compiler>
					<Add option="-O4" />
					<Add option="-march=i386" />
					<Add directory="include/UIElements" />
					<Add directory="include/GameUI" />
					<Add directory="include/Gamestates" />
					<Add directory="include" />
				</Compiler>
				<Linker>
					<Add option="-s" />
					<Add library="sfml-network" />
					<Add library="sfml-audio" />
					<Add library="sfml-graphics" />
					<Add library="sfml-window" />
					<Add library="sfml-system" />
				</Linker>
			</Target>
			<Target title="Release (x86_64)">
				<Option output="bin/Release64/MMORPG64" prefix_auto="1" extension_auto="1" />
				<Option object_output="obj/Release64/" />
				<Option type="1" />
				<Option compiler="clang" />
				<Compiler>
					<Add option="-Wall" />
					<Add option="-std=c++11" />
					<Add option="-target x86_64-pc-win32-gnu" />
					<Add directory="include/UIElements" />
					<Add directory="include/GameUI" />
					<Add directory="include/Gamestates" />
					<Add directory="include" />
				</Compiler>
				<Linker>
					<Add library="sfml-network" />
					<Add library="sfml-audio" />
					<Add library="sfml-graphics" />
					<Add library="sfml-window" />
					<Add library="sfml-system" />
				</Linker>
			</Target>
		</Build>
		<Compiler>
			<Add option="-ftrapv" />
			<Add option="-Wall" />
			<Add option="-std=c++14" />
			<Add directory="../SFML/include" />
			<Add directory="include/Entity" />
			<Add directory="include/Gamestates" />
			<Add directory="include/Managers" />
			<Add directory="include/Map" />
			<Add directory="include/UIElements" />
			<Add directory="include/Utilities" />
			<Add directory="include" />
		</Compiler>
		<Linker>
			<Add option="-pthread" />
			<Add directory="../SFML/lib" />
		</Linker>
		<Unit filename="include/Engine.h" />
		<Unit filename="include/Entity/Entity.h" />
		<Unit filename="include/Gamestates/Gamestate.h" />
		<Unit filename="include/Gamestates/GamestateGameplay.h" />
		<Unit filename="include/Gamestates/GamestateInitialise.h" />
		<Unit filename="include/Gamestates/GamestateLogin.h" />
		<Unit filename="include/Gamestates/GamestateMenu.h" />
		<Unit filename="include/Managers/EntityManager.h" />
		<Unit filename="include/Managers/NetworkManager.h" />
		<Unit filename="include/Managers/ResourceManager.h" />
		<Unit filename="include/Managers/StateManager.h" />
		<Unit filename="include/Managers/UIManager.h" />
		<Unit filename="include/Managers/WindowManager.h" />
		<Unit filename="include/Map/Level.h" />
		<Unit filename="include/Map/NavMesh.h" />
		<Unit filename="include/UIElements/UIButton.h" />
		<Unit filename="include/UIElements/UIElement.h" />
		<Unit filename="include/UIElements/UIImage.h" />
		<Unit filename="include/UIElements/UITextField.h" />
		<Unit filename="include/Utilities/Crypto.h" />
		<Unit filename="include/Utilities/Timing.h" />
		<Unit filename="main.cpp" />
		<Unit filename="src/Engine.cpp" />
		<Unit filename="src/Entity/Entity.cpp" />
		<Unit filename="src/Gamestates/Gamestate.cpp" />
		<Unit filename="src/Gamestates/GamestateGameplay.cpp" />
		<Unit filename="src/Gamestates/GamestateInitialise.cpp" />
		<Unit filename="src/Gamestates/GamestateLogin.cpp" />
		<Unit filename="src/Gamestates/GamestateMenu.cpp" />
		<Unit filename="src/Managers/EntityManager.cpp" />
		<Unit filename="src/Managers/NetworkManager.cpp" />
		<Unit filename="src/Managers/ResourceManager.cpp" />
		<Unit filename="src/Managers/StateManager.cpp" />
		<Unit filename="src/Managers/UIManager.cpp" />
		<Unit filename="src/Managers/WindowManager.cpp" />
		<Unit filename="src/Map/Level.cpp" />
		<Unit filename="src/Map/NavMesh.cpp" />
		<Unit filename="src/UIElements/UIButton.cpp" />
		<Unit filename="src/UIElements/UIElement.cpp" />
		<Unit filename="src/UIElements/UIImage.cpp" />
		<Unit filename="src/UIElements/UITextField.cpp" />
		<Unit filename="src/Utilities/Crypto.cpp" />
		<Unit filename="src/Utilities/Timing.cpp" />
		<Extensions>
			<code_completion>
				<search_path add="../SFML-2.4.0/include/SFML" />
				<search_path add="../SFML-2.4.0/lib" />
			</code_completion>
			<envvars />
			<debugger />
			<lib_finder disable_auto="1" />
			<DoxyBlocks>
				<comment_style block="4" line="0" />
				<doxyfile_project />
				<doxyfile_build />
				<doxyfile_warnings />
				<doxyfile_output />
				<doxyfile_dot />
				<general />
			</DoxyBlocks>
		</Extensions>
	</Project>
</CodeBlocks_project_file>
